lockfileVersion: '6.0'

settings:
  autoInstallPeers: true
  excludeLinksFromLockfile: false

dependencies:
  ofetch:
    specifier: ^1.3.3
    version: 1.3.3
  prom-client:
    specifier: ^14.2.0
    version: 14.2.0

packages:

  /bintrees@1.0.2:
    resolution: {integrity: sha512-VOMgTMwjAaUG580SXn3LacVgjurrbMme7ZZNYGSSV7mmtY6QQRh0Eg3pwIcntQ77DErK1L0NxkbetjcoXzVwKw==}
    dev: false

  /destr@2.0.1:
    resolution: {integrity: sha512-M1Ob1zPSIvlARiJUkKqvAZ3VAqQY6Jcuth/pBKQ2b1dX/Qx0OnJ8Vux6J2H5PTMQeRzWrrbTu70VxBfv/OPDJA==}
    dev: false

  /node-fetch-native@1.4.0:
    resolution: {integrity: sha512-F5kfEj95kX8tkDhUCYdV8dg3/8Olx/94zB8+ZNthFs6Bz31UpUi8Xh40TN3thLwXgrwXry1pEg9lJ++tLWTcqA==}
    dev: false

  /ofetch@1.3.3:
    resolution: {integrity: sha512-s1ZCMmQWXy4b5K/TW9i/DtiN8Ku+xCiHcjQ6/J/nDdssirrQNOoB165Zu8EqLMA2lln1JUth9a0aW9Ap2ctrUg==}
    dependencies:
      destr: 2.0.1
      node-fetch-native: 1.4.0
      ufo: 1.3.0
    dev: false

  /prom-client@14.2.0:
    resolution: {integrity: sha512-sF308EhTenb/pDRPakm+WgiN+VdM/T1RaHj1x+MvAuT8UiQP8JmOEbxVqtkbfR4LrvOg5n7ic01kRBDGXjYikA==}
    engines: {node: '>=10'}
    dependencies:
      tdigest: 0.1.2
    dev: false

  /tdigest@0.1.2:
    resolution: {integrity: sha512-+G0LLgjjo9BZX2MfdvPfH+MKLCrxlXSYec5DaPYP1fe6Iyhf0/fSmJ0bFiZ1F8BT6cGXl2LpltQptzjXKWEkKA==}
    dependencies:
      bintrees: 1.0.2
    dev: false

  /ufo@1.3.0:
    resolution: {integrity: sha512-bRn3CsoojyNStCZe0BG0Mt4Nr/4KF+rhFlnNXybgqt5pXHNFRlqinSoQaTrGyzE4X8aHplSb+TorH+COin9Yxw==}
    dev: false
